
Microsoft Visual Studio Solution File, Format Version 12.00
# Visual Studio Version 17
VisualStudioVersion = 17.2.32516.85
MinimumVisualStudioVersion = 10.0.40219.1
Project("{FAE04EC0-301F-11D3-BF4B-00C04F79EFBC}") = "MIBTool", "MIBTool\MIBTool.csproj", "{F5F14990-2C7D-44AA-8351-4FE0CCD1A1EE}"
EndProject
Global
	GlobalSection(SolutionConfigurationPlatforms) = preSolution
		Debug|Any CPU = Debug|Any CPU
		Release|Any CPU = Release|Any CPU
	EndGlobalSection
	GlobalSection(ProjectConfigurationPlatforms) = postSolution
		{F5F14990-2C7D-44AA-8351-4FE0CCD1A1EE}.Debug|Any CPU.ActiveCfg = Debug|Any CPU
		{F5F14990-2C7D-44AA-8351-4FE0CCD1A1EE}.Debug|Any CPU.Build.0 = Debug|Any CPU
		{F5F14990-2C7D-44AA-8351-4FE0CCD1A1EE}.Release|Any CPU.ActiveCfg = Release|Any CPU
		{F5F14990-2C7D-44AA-8351-4FE0CCD1A1EE}.Release|Any CPU.Build.0 = Release|Any CPU
	EndGlobalSection
	GlobalSection(SolutionProperties) = preSolution
		HideSolutionNode = FALSE
	EndGlobalSection
	GlobalSection(ExtensibilityGlobals) = postSolution
		SolutionGuid = {2F8A1A73-6EDC-49D6-8DF7-4B39165960CC}
	EndGlobalSection
EndGlobal
